
Microsoft Visual Studio Solution File, Format Version 12.00
# Visual Studio 15
VisualStudioVersion = 15.0.28010.2046
MinimumVisualStudioVersion = 10.0.40219.1
Project("{FAE04EC0-301F-11D3-BF4B-00C04F79EFBC}") = "LibreriaArray", "LibreriaArray\LibreriaArray.csproj", "{328444FF-31EA-41D9-A066-18457EB20C37}"
EndProject
Project("{FAE04EC0-301F-11D3-BF4B-00C04F79EFBC}") = "WpfArray", "WpfArray\WpfArray.csproj", "{61755290-F98B-4A23-805D-68E7C0979802}"
EndProject
Global
	GlobalSection(SolutionConfigurationPlatforms) = preSolution
		Debug|Any CPU = Debug|Any CPU
		Release|Any CPU = Release|Any CPU
	EndGlobalSection
	GlobalSection(ProjectConfigurationPlatforms) = postSolution
		{328444FF-31EA-41D9-A066-18457EB20C37}.Debug|Any CPU.ActiveCfg = Debug|Any CPU
		{328444FF-31EA-41D9-A066-18457EB20C37}.Debug|Any CPU.Build.0 = Debug|Any CPU
		{328444FF-31EA-41D9-A066-18457EB20C37}.Release|Any CPU.ActiveCfg = Release|Any CPU
		{328444FF-31EA-41D9-A066-18457EB20C37}.Release|Any CPU.Build.0 = Release|Any CPU
		{61755290-F98B-4A23-805D-68E7C0979802}.Debug|Any CPU.ActiveCfg = Debug|Any CPU
		{61755290-F98B-4A23-805D-68E7C0979802}.Debug|Any CPU.Build.0 = Debug|Any CPU
		{61755290-F98B-4A23-805D-68E7C0979802}.Release|Any CPU.ActiveCfg = Release|Any CPU
		{61755290-F98B-4A23-805D-68E7C0979802}.Release|Any CPU.Build.0 = Release|Any CPU
	EndGlobalSection
	GlobalSection(SolutionProperties) = preSolution
		HideSolutionNode = FALSE
	EndGlobalSection
	GlobalSection(ExtensibilityGlobals) = postSolution
		SolutionGuid = {A813B4A1-64F2-4C1A-B893-DFEA74C9D83F}
	EndGlobalSection
EndGlobal
